
Microsoft Visual Studio Solution File, Format Version 12.00
# Visual Studio Version 17
VisualStudioVersion = 17.2.32602.215
MinimumVisualStudioVersion = 10.0.40219.1
Project("{2150E333-8FDC-42A3-9474-1A3956D46DE8}") = "src", "src", "{266CBFBF-8A5E-48D8-A204-827DDA83FD9B}"
EndProject
Project("{2150E333-8FDC-42A3-9474-1A3956D46DE8}") = "Core", "Core", "{5686C622-C468-4142-9581-6F5D878F88A1}"
EndProject
Project("{9A19103F-16F7-4668-BE54-9A1E7A4F7556}") = "ShoppingList.Domain", "src\Core\ShoppingList.Domain\ShoppingList.Domain.csproj", "{DB986AFD-C6F2-473E-9E58-3E89A373C6D8}"
EndProject
Project("{2150E333-8FDC-42A3-9474-1A3956D46DE8}") = "Infrastructure", "Infrastructure", "{3BEB81B6-3F45-428D-8E98-411130A5B936}"
EndProject
Project("{2150E333-8FDC-42A3-9474-1A3956D46DE8}") = "Web", "Web", "{C631E09F-11AE-4EC9-95A4-E7B1F7C53629}"
EndProject
Project("{9A19103F-16F7-4668-BE54-9A1E7A4F7556}") = "ShoppingList.Infrastructure", "src\Infrastructure\ShoppingList.Infrastructure\ShoppingList.Infrastructure.csproj", "{7D0CFD72-85EF-4574-BFB2-E7943864AA7F}"
EndProject
Project("{9A19103F-16F7-4668-BE54-9A1E7A4F7556}") = "ShoppingList.Server", "src\Web\ShoppingList.Server\ShoppingList.Server.csproj", "{39084972-17CD-478A-B6A9-4C07EF4599FC}"
EndProject
Project("{9A19103F-16F7-4668-BE54-9A1E7A4F7556}") = "ShoppingList.Application", "src\Core\ShoppingList.Application\ShoppingList.Application.csproj", "{70F3D8B6-8E9F-45F9-8AE1-702ADE018484}"
EndProject
Project("{2150E333-8FDC-42A3-9474-1A3956D46DE8}") = "consumer", "consumer", "{9480B0B9-2C31-43CC-8D29-507EB020F41B}"
EndProject
Project("{9A19103F-16F7-4668-BE54-9A1E7A4F7556}") = "ShoppingList.Consumer", "consumer\ShoppingList.Consumer\ShoppingList.Consumer.csproj", "{84C03D7E-856B-4463-9D74-395EF8D30C4A}"
EndProject
Project("{FAE04EC0-301F-11D3-BF4B-00C04F79EFBC}") = "ShoppingList.Client", "src\Web\ShoppingList.Client\ShoppingList.Client.csproj", "{646BA35C-2B2B-4FB0-BCCA-F4F3999232FB}"
EndProject
Global
	GlobalSection(SolutionConfigurationPlatforms) = preSolution
		Debug|Any CPU = Debug|Any CPU
		Release|Any CPU = Release|Any CPU
	EndGlobalSection
	GlobalSection(ProjectConfigurationPlatforms) = postSolution
		{DB986AFD-C6F2-473E-9E58-3E89A373C6D8}.Debug|Any CPU.ActiveCfg = Debug|Any CPU
		{DB986AFD-C6F2-473E-9E58-3E89A373C6D8}.Debug|Any CPU.Build.0 = Debug|Any CPU
		{DB986AFD-C6F2-473E-9E58-3E89A373C6D8}.Release|Any CPU.ActiveCfg = Release|Any CPU
		{DB986AFD-C6F2-473E-9E58-3E89A373C6D8}.Release|Any CPU.Build.0 = Release|Any CPU
		{7D0CFD72-85EF-4574-BFB2-E7943864AA7F}.Debug|Any CPU.ActiveCfg = Debug|Any CPU
		{7D0CFD72-85EF-4574-BFB2-E7943864AA7F}.Debug|Any CPU.Build.0 = Debug|Any CPU
		{7D0CFD72-85EF-4574-BFB2-E7943864AA7F}.Release|Any CPU.ActiveCfg = Release|Any CPU
		{7D0CFD72-85EF-4574-BFB2-E7943864AA7F}.Release|Any CPU.Build.0 = Release|Any CPU
		{39084972-17CD-478A-B6A9-4C07EF4599FC}.Debug|Any CPU.ActiveCfg = Debug|Any CPU
		{39084972-17CD-478A-B6A9-4C07EF4599FC}.Debug|Any CPU.Build.0 = Debug|Any CPU
		{39084972-17CD-478A-B6A9-4C07EF4599FC}.Release|Any CPU.ActiveCfg = Release|Any CPU
		{39084972-17CD-478A-B6A9-4C07EF4599FC}.Release|Any CPU.Build.0 = Release|Any CPU
		{70F3D8B6-8E9F-45F9-8AE1-702ADE018484}.Debug|Any CPU.ActiveCfg = Debug|Any CPU
		{70F3D8B6-8E9F-45F9-8AE1-702ADE018484}.Debug|Any CPU.Build.0 = Debug|Any CPU
		{70F3D8B6-8E9F-45F9-8AE1-702ADE018484}.Release|Any CPU.ActiveCfg = Release|Any CPU
		{70F3D8B6-8E9F-45F9-8AE1-702ADE018484}.Release|Any CPU.Build.0 = Release|Any CPU
		{84C03D7E-856B-4463-9D74-395EF8D30C4A}.Debug|Any CPU.ActiveCfg = Debug|Any CPU
		{84C03D7E-856B-4463-9D74-395EF8D30C4A}.Debug|Any CPU.Build.0 = Debug|Any CPU
		{84C03D7E-856B-4463-9D74-395EF8D30C4A}.Release|Any CPU.ActiveCfg = Release|Any CPU
		{84C03D7E-856B-4463-9D74-395EF8D30C4A}.Release|Any CPU.Build.0 = Release|Any CPU
		{646BA35C-2B2B-4FB0-BCCA-F4F3999232FB}.Debug|Any CPU.ActiveCfg = Debug|Any CPU
		{646BA35C-2B2B-4FB0-BCCA-F4F3999232FB}.Debug|Any CPU.Build.0 = Debug|Any CPU
		{646BA35C-2B2B-4FB0-BCCA-F4F3999232FB}.Release|Any CPU.ActiveCfg = Release|Any CPU
		{646BA35C-2B2B-4FB0-BCCA-F4F3999232FB}.Release|Any CPU.Build.0 = Release|Any CPU
	EndGlobalSection
	GlobalSection(SolutionProperties) = preSolution
		HideSolutionNode = FALSE
	EndGlobalSection
	GlobalSection(NestedProjects) = preSolution
		{5686C622-C468-4142-9581-6F5D878F88A1} = {266CBFBF-8A5E-48D8-A204-827DDA83FD9B}
		{DB986AFD-C6F2-473E-9E58-3E89A373C6D8} = {5686C622-C468-4142-9581-6F5D878F88A1}
		{3BEB81B6-3F45-428D-8E98-411130A5B936} = {266CBFBF-8A5E-48D8-A204-827DDA83FD9B}
		{C631E09F-11AE-4EC9-95A4-E7B1F7C53629} = {266CBFBF-8A5E-48D8-A204-827DDA83FD9B}
		{7D0CFD72-85EF-4574-BFB2-E7943864AA7F} = {3BEB81B6-3F45-428D-8E98-411130A5B936}
		{39084972-17CD-478A-B6A9-4C07EF4599FC} = {C631E09F-11AE-4EC9-95A4-E7B1F7C53629}
		{70F3D8B6-8E9F-45F9-8AE1-702ADE018484} = {5686C622-C468-4142-9581-6F5D878F88A1}
		{84C03D7E-856B-4463-9D74-395EF8D30C4A} = {9480B0B9-2C31-43CC-8D29-507EB020F41B}
		{646BA35C-2B2B-4FB0-BCCA-F4F3999232FB} = {C631E09F-11AE-4EC9-95A4-E7B1F7C53629}
	EndGlobalSection
	GlobalSection(ExtensibilityGlobals) = postSolution
		SolutionGuid = {DE069578-05E5-42DC-B447-1E9D4A1FE855}
	EndGlobalSection
EndGlobal
